{
  "checksum": "e6768397ef18bbbd463dab1c6e13c5a9d8783642c08dcc6f875f59eb0c31a3d6",
  "crates": {
    "direct-cargo-bazel-deps 0.0.1": {
      "name": "direct-cargo-bazel-deps",
      "version": "0.0.1",
      "repository": null,
      "targets": [
        {
          "Library": {
            "crate_name": "direct_cargo_bazel_deps",
            "crate_root": ".direct_cargo_bazel_deps.rs",
            "srcs": {
              "include": [
                "**/*.rs"
              ],
              "exclude": []
            }
          }
        }
      ],
      "library_target_name": "direct_cargo_bazel_deps",
      "common_attrs": {
        "compile_data_glob": [
          "**"
        ],
        "edition": "2018",
        "version": "0.0.1"
      },
      "license": null
    },
    "hello 0.1.0": {
      "name": "hello",
      "version": "0.1.0",
      "repository": null,
      "targets": [
        {
          "Binary": {
            "crate_name": "hello",
            "crate_root": "src/main.rs",
            "srcs": {
              "include": [
                "**/*.rs"
              ],
              "exclude": []
            }
          }
        }
      ],
      "library_target_name": null,
      "common_attrs": {
        "compile_data_glob": [
          "**"
        ],
        "edition": "2021",
        "version": "0.1.0"
      },
      "license": null
    }
  },
  "binary_crates": [],
  "workspace_members": {
    "direct-cargo-bazel-deps 0.0.1": "",
    "hello 0.1.0": "hello"
  },
  "conditions": {}
}
